Microsoft Visual Studio Solution File, Format Version 12.00
# Visual Studio Version 17
VisualStudioVersion = 17.13.35825.156
MinimumVisualStudioVersion = 10.0.40219.1
Project("{FAE04EC0-301F-11D3-BF4B-00C04F79EFBC}") = "Schnorr", "Schnorr\Schnorr.csproj", "{8619A1F8-CA9D-441A-AE65-43148777BD23}"
EndProject
Global
	GlobalSection(SolutionConfigurationPlatforms) = preSolution
		Debug|Any CPU = Debug|Any CPU
		Release|Any CPU = Release|Any CPU
	EndGlobalSection
	GlobalSection(ProjectConfigurationPlatforms) = postSolution
		{8619A1F8-CA9D-441A-AE65-43148777BD23}.Debug|Any CPU.ActiveCfg = Debug|Any CPU
		{8619A1F8-CA9D-441A-AE65-43148777BD23}.Debug|Any CPU.Build.0 = Debug|Any CPU
		{8619A1F8-CA9D-441A-AE65-43148777BD23}.Release|Any CPU.ActiveCfg = Release|Any CPU
		{8619A1F8-CA9D-441A-AE65-43148777BD23}.Release|Any CPU.Build.0 = Release|Any CPU
	EndGlobalSection
	GlobalSection(SolutionProperties) = preSolution
		HideSolutionNode = FALSE
	EndGlobalSection
	GlobalSection(ExtensibilityGlobals) = postSolution
		SolutionGuid = {69CDEF38-96C2-4886-B979-AF49BE85DA29}
	EndGlobalSection
EndGlobal
